
Microsoft Visual Studio Solution File, Format Version 12.00
# Visual Studio Version 16
VisualStudioVersion = 16.0.30225.117
MinimumVisualStudioVersion = 10.0.40219.1
Project("{FAE04EC0-301F-11D3-BF4B-00C04F79EFBC}") = "BevGrafGyakTemplate", "BevGrafGyak\BevGrafGyakTemplate.csproj", "{B1E57468-295A-4F2B-BEFF-BE0E7F0317C1}"
EndProject
Global
	GlobalSection(SolutionConfigurationPlatforms) = preSolution
		Debug|Any CPU = Debug|Any CPU
		Release|Any CPU = Release|Any CPU
	EndGlobalSection
	GlobalSection(ProjectConfigurationPlatforms) = postSolution
		{B1E57468-295A-4F2B-BEFF-BE0E7F0317C1}.Debug|Any CPU.ActiveCfg = Debug|Any CPU
		{B1E57468-295A-4F2B-BEFF-BE0E7F0317C1}.Debug|Any CPU.Build.0 = Debug|Any CPU
		{B1E57468-295A-4F2B-BEFF-BE0E7F0317C1}.Release|Any CPU.ActiveCfg = Release|Any CPU
		{B1E57468-295A-4F2B-BEFF-BE0E7F0317C1}.Release|Any CPU.Build.0 = Release|Any CPU
	EndGlobalSection
	GlobalSection(SolutionProperties) = preSolution
		HideSolutionNode = FALSE
	EndGlobalSection
	GlobalSection(ExtensibilityGlobals) = postSolution
		SolutionGuid = {34BFCC1C-3175-4876-8823-D94E72370E45}
	EndGlobalSection
EndGlobal
