
Microsoft Visual Studio Solution File, Format Version 12.00
# Visual Studio 2013
VisualStudioVersion = 12.0.40629.0
MinimumVisualStudioVersion = 10.0.40219.1
Project("{FAE04EC0-301F-11D3-BF4B-00C04F79EFBC}") = "RajzAlap", "RajzAlap\RajzAlap.csproj", "{0F7D621F-893E-4AB1-A19E-4B2246A5B4BE}"
EndProject
Global
	GlobalSection(SolutionConfigurationPlatforms) = preSolution
		Debug|Any CPU = Debug|Any CPU
		Release|Any CPU = Release|Any CPU
	EndGlobalSection
	GlobalSection(ProjectConfigurationPlatforms) = postSolution
		{0F7D621F-893E-4AB1-A19E-4B2246A5B4BE}.Debug|Any CPU.ActiveCfg = Debug|Any CPU
		{0F7D621F-893E-4AB1-A19E-4B2246A5B4BE}.Debug|Any CPU.Build.0 = Debug|Any CPU
		{0F7D621F-893E-4AB1-A19E-4B2246A5B4BE}.Release|Any CPU.ActiveCfg = Release|Any CPU
		{0F7D621F-893E-4AB1-A19E-4B2246A5B4BE}.Release|Any CPU.Build.0 = Release|Any CPU
	EndGlobalSection
	GlobalSection(SolutionProperties) = preSolution
		HideSolutionNode = FALSE
	EndGlobalSection
EndGlobal
